
Microsoft Visual Studio Solution File, Format Version 12.00
# Visual Studio Version 16
VisualStudioVersion = 16.0.31019.35
MinimumVisualStudioVersion = 10.0.40219.1
Project("{FAE04EC0-301F-11D3-BF4B-00C04F79EFBC}") = "Employee", "Employee\Employee.csproj", "{A40D7953-FA39-4869-9CDA-48C4040A20BD}"
EndProject
Global
	GlobalSection(SolutionConfigurationPlatforms) = preSolution
		Debug|Any CPU = Debug|Any CPU
		Release|Any CPU = Release|Any CPU
	EndGlobalSection
	GlobalSection(ProjectConfigurationPlatforms) = postSolution
		{A40D7953-FA39-4869-9CDA-48C4040A20BD}.Debug|Any CPU.ActiveCfg = Debug|Any CPU
		{A40D7953-FA39-4869-9CDA-48C4040A20BD}.Debug|Any CPU.Build.0 = Debug|Any CPU
		{A40D7953-FA39-4869-9CDA-48C4040A20BD}.Release|Any CPU.ActiveCfg = Release|Any CPU
		{A40D7953-FA39-4869-9CDA-48C4040A20BD}.Release|Any CPU.Build.0 = Release|Any CPU
	EndGlobalSection
	GlobalSection(SolutionProperties) = preSolution
		HideSolutionNode = FALSE
	EndGlobalSection
	GlobalSection(ExtensibilityGlobals) = postSolution
		SolutionGuid = {8890224D-93B2-461F-AA82-F2F0467EBC8D}
	EndGlobalSection
EndGlobal
